# THIS IS AN AUTOGENERATED FILE. DO NOT EDIT THIS FILE DIRECTLY.
# yarn lockfile v1


"@babylonjs/core@4.2.0", "@babylonjs/core@^4.2.0":
  version "4.2.0"
  resolved "https://registry.yarnpkg.com/@babylonjs/core/-/core-4.2.0.tgz#d1cfd43d7e3d2e58cde79083f04eeb607f6c8f18"
  integrity sha512-sZQigPvMDc0pcgwlKvTF5gsMzGwT8gelQIOyxELrohdFu12pHGhIr61+yVxxq9tpCdzyYD9kS8LM0w2y+5ypkg==
  dependencies:
    tslib ">=1.10.0"

"@babylonjs/gui@^4.2.0":
  version "4.2.0"
  resolved "https://registry.yarnpkg.com/@babylonjs/gui/-/gui-4.2.0.tgz#c2a35ca6724759731fe0c4ddbfe2490301847f93"
  integrity sha512-AQnqwFDmQ05FAw4B0BPVUFqWgdSKVI23qVHm/uOOMBQhMo8+WE2pTNATm6Qw/HDVLCp5qUjwIij/3JtG5s0fBw==
  dependencies:
    "@babylonjs/core" "4.2.0"
    tslib ">=1.10.0"

esbuild@^0.12.17:
  version "0.12.17"
  resolved "https://registry.yarnpkg.com/esbuild/-/esbuild-0.12.17.tgz#5816f905c2905de0ebbc658860df7b5b48afbcd3"
  integrity sha512-GshKJyVYUnlSXIZj/NheC2O0Kblh42CS7P1wJyTbbIHevTG4jYMS9NNw8EOd8dDWD0dzydYHS01MpZoUcQXB4g==

tslib@>=1.10.0:
  version "2.3.0"
  resolved "https://registry.yarnpkg.com/tslib/-/tslib-2.3.0.tgz#803b8cdab3e12ba581a4ca41c8839bbb0dacb09e"
  integrity sha512-N82ooyxVNm6h1riLCoyS9e3fuJ3AMG2zIZs2Gd1ATcSFjSA23Q0fzjjZeh0jbJvWVDZ0cJT8yaNNaaXHzueNjg==

typescript@^4.3.5:
  version "4.3.5"
  resolved "https://registry.yarnpkg.com/typescript/-/typescript-4.3.5.tgz#4d1c37cc16e893973c45a06886b7113234f119f4"
  integrity sha512-DqQgihaQ9cUrskJo9kIyW/+g0Vxsk8cDtZ52a3NGh0YNTfpUSArXSohyUGnvbPazEPLu398C0UxmKSOrPumUzA==
